<?xml version="1.0" encoding="utf-8"?>
<Project ToolsVersion="4.0" xmlns="http://schemas.microsoft.com/developer/msbuild/2003">
  <ItemGroup>
    <Filter Include="Source Files">
      <UniqueIdentifier>{4FC737F1-C7A5-4376-A066-2A32D752A2FF}</UniqueIdentifier>
      <Extensions>cpp;c;cc;cxx;def;odl;idl;hpj;bat;asm;asmx</Extensions>
    </Filter>
    <Filter Include="Header Files">
      <UniqueIdentifier>{93995380-89BD-4b04-88EB-625FBE52EBFB}</UniqueIdentifier>
      <Extensions>h;hh;hpp;hxx;hm;inl;inc;ipp;xsd</Extensions>
    </Filter>
    <Filter Include="Resource Files">
      <UniqueIdentifier>{67DA6AB6-F800-4c08-8B7A-83BB121AAD01}</UniqueIdentifier>
      <Extensions>rc;ico;cur;bmp;dlg;rc2;rct;bin;rgs;gif;jpg;jpeg;jpe;resx;tiff;tif;png;wav;mfcribbon-ms</Extensions>
    </Filter>
    <Filter Include="Misc">
      <UniqueIdentifier>{a6f9a472-53b2-41d6-8f3d-6dba37928ab9}</UniqueIdentifier>
    </Filter>
    <Filter Include="Shader">
      <UniqueIdentifier>{ab1b9731-a3cf-48b4-b512-f65575fb7deb}</UniqueIdentifier>
    </Filter>
  </ItemGroup>
  <ItemGroup>
    <ClCompile Include="Main.cpp">
      <Filter>Source Files</Filter>
    </ClCompile>
    <ClCompile Include="Config.cpp">
      <Filter>Source Files</Filter>
    </ClCompile>
    <ClCompile Include="WinWindow.cpp">
      <Filter>Source Files</Filter>
    </ClCompile>
    <ClCompile Include="Log.cpp">
      <Filter>Source Files</Filter>
    </ClCompile>
    <ClCompile Include="Args.cpp">
      <Filter>Source Files</Filter>
    </ClCompile>
    <ClCompile Include="Timer.cpp">
      <Filter>Source Files</Filter>
    </ClCompile>
    <ClCompile Include="GameLoop.cpp">
      <Filter>Source Files</Filter>
    </ClCompile>
    <ClCompile Include="DXRenderer.cpp">
      <Filter>Source Files</Filter>
    </ClCompile>
    <ClCompile Include="DXAudioEngine.cpp">
      <Filter>Source Files</Filter>
    </ClCompile>
    <ClCompile Include="EventEngine.cpp">
      <Filter>Source Files</Filter>
    </ClCompile>
    <ClCompile Include="ZipResourceManager.cpp">
      <Filter>Source Files</Filter>
    </ClCompile>
    <ClCompile Include="DDSTextureLoader.cpp">
      <Filter>Source Files</Filter>
    </ClCompile>
    <ClCompile Include="SystemLocator.cpp">
      <Filter>Source Files</Filter>
    </ClCompile>
    <ClCompile Include="UIEngine.cpp">
      <Filter>Source Files</Filter>
    </ClCompile>
    <ClCompile Include="LuaScriptEngine.cpp">
      <Filter>Source Files</Filter>
    </ClCompile>
  </ItemGroup>
  <ItemGroup>
    <ClInclude Include="IWindow.h">
      <Filter>Header Files</Filter>
    </ClInclude>
    <ClInclude Include="Config.h">
      <Filter>Header Files</Filter>
    </ClInclude>
    <ClInclude Include="WinWindow.h">
      <Filter>Header Files</Filter>
    </ClInclude>
    <ClInclude Include="IRenderer.h">
      <Filter>Header Files</Filter>
    </ClInclude>
    <ClInclude Include="Log.h">
      <Filter>Header Files</Filter>
    </ClInclude>
    <ClInclude Include="StringSupport.h">
      <Filter>Header Files</Filter>
    </ClInclude>
    <ClInclude Include="Args.h">
      <Filter>Header Files</Filter>
    </ClInclude>
    <ClInclude Include="resource.h">
      <Filter>Header Files</Filter>
    </ClInclude>
    <ClInclude Include="GameLoop.h">
      <Filter>Header Files</Filter>
    </ClInclude>
    <ClInclude Include="Timer.h">
      <Filter>Header Files</Filter>
    </ClInclude>
    <ClInclude Include="DXRenderer.h">
      <Filter>Header Files</Filter>
    </ClInclude>
    <ClInclude Include="IAudioEngine.h">
      <Filter>Header Files</Filter>
    </ClInclude>
    <ClInclude Include="DXAudioEngine.h">
      <Filter>Header Files</Filter>
    </ClInclude>
    <ClInclude Include="EventEngine.h">
      <Filter>Header Files</Filter>
    </ClInclude>
    <ClInclude Include="DunCraw.h">
      <Filter>Header Files</Filter>
    </ClInclude>
    <ClInclude Include="IResourceManager.h">
      <Filter>Header Files</Filter>
    </ClInclude>
    <ClInclude Include="ZipResourceManager.h">
      <Filter>Header Files</Filter>
    </ClInclude>
    <ClInclude Include="DDSTextureLoader.h">
      <Filter>Header Files</Filter>
    </ClInclude>
    <ClInclude Include="UIEngine.h">
      <Filter>Header Files</Filter>
    </ClInclude>
    <ClInclude Include="SystemLocator.h">
      <Filter>Header Files</Filter>
    </ClInclude>
    <ClInclude Include="NullRenderer.h">
      <Filter>Header Files</Filter>
    </ClInclude>
    <ClInclude Include="NullAudioEngine.h">
      <Filter>Header Files</Filter>
    </ClInclude>
    <ClInclude Include="NullWindow.h">
      <Filter>Header Files</Filter>
    </ClInclude>
    <ClInclude Include="NullResourceManager.h">
      <Filter>Header Files</Filter>
    </ClInclude>
    <ClInclude Include="IScriptEngine.h">
      <Filter>Header Files</Filter>
    </ClInclude>
    <ClInclude Include="NullScriptEngine.h">
      <Filter>Header Files</Filter>
    </ClInclude>
    <ClInclude Include="LuaScriptEngine.h">
      <Filter>Header Files</Filter>
    </ClInclude>
    <ClInclude Include="DunDef.h">
      <Filter>Header Files</Filter>
    </ClInclude>
    <ClInclude Include="UICommon.hlsli" />
  </ItemGroup>
  <ItemGroup>
    <ResourceCompile Include="Client.rc">
      <Filter>Resource Files</Filter>
    </ResourceCompile>
  </ItemGroup>
  <ItemGroup>
    <Image Include="dun_gate.ico">
      <Filter>Resource Files</Filter>
    </Image>
  </ItemGroup>
  <ItemGroup>
    <Manifest Include="app.manifest">
      <Filter>Misc</Filter>
    </Manifest>
  </ItemGroup>
  <ItemGroup>
    <CopyFileToFolders Include="config.txt" />
  </ItemGroup>
  <ItemGroup>
    <FxCompile Include="UIElement_PS.hlsl">
      <Filter>Shader</Filter>
    </FxCompile>
    <FxCompile Include="UI_VS.hlsl">
      <Filter>Shader</Filter>
    </FxCompile>
    <FxCompile Include="UIText_PS.hlsl">
      <Filter>Shader</Filter>
    </FxCompile>
  </ItemGroup>
</Project>